
Microsoft Visual Studio Solution File, Format Version 12.00
# Visual Studio Version 17
VisualStudioVersion = 17.2.32602.215
MinimumVisualStudioVersion = 10.0.40219.1
Project("{FAE04EC0-301F-11D3-BF4B-00C04F79EFBC}") = "Pokedex", "Pokedex.csproj", "{F1113D02-6A6D-462D-A1B1-F3E5F113D407}"
EndProject
Project("{FAE04EC0-301F-11D3-BF4B-00C04F79EFBC}") = "Business", "..\Business\Business.csproj", "{2B987BE7-489C-40BB-9784-33788B1B303F}"
EndProject
Project("{FAE04EC0-301F-11D3-BF4B-00C04F79EFBC}") = "Infra", "..\Infra\Infra.csproj", "{5098E3F7-0D5B-436A-880E-4DA4DD9C2E75}"
EndProject
Global
	GlobalSection(SolutionConfigurationPlatforms) = preSolution
		Debug|Any CPU = Debug|Any CPU
		Release|Any CPU = Release|Any CPU
	EndGlobalSection
	GlobalSection(ProjectConfigurationPlatforms) = postSolution
		{F1113D02-6A6D-462D-A1B1-F3E5F113D407}.Debug|Any CPU.ActiveCfg = Debug|Any CPU
		{F1113D02-6A6D-462D-A1B1-F3E5F113D407}.Debug|Any CPU.Build.0 = Debug|Any CPU
		{F1113D02-6A6D-462D-A1B1-F3E5F113D407}.Release|Any CPU.ActiveCfg = Release|Any CPU
		{F1113D02-6A6D-462D-A1B1-F3E5F113D407}.Release|Any CPU.Build.0 = Release|Any CPU
		{2B987BE7-489C-40BB-9784-33788B1B303F}.Debug|Any CPU.ActiveCfg = Debug|Any CPU
		{2B987BE7-489C-40BB-9784-33788B1B303F}.Debug|Any CPU.Build.0 = Debug|Any CPU
		{2B987BE7-489C-40BB-9784-33788B1B303F}.Release|Any CPU.ActiveCfg = Release|Any CPU
		{2B987BE7-489C-40BB-9784-33788B1B303F}.Release|Any CPU.Build.0 = Release|Any CPU
		{5098E3F7-0D5B-436A-880E-4DA4DD9C2E75}.Debug|Any CPU.ActiveCfg = Debug|Any CPU
		{5098E3F7-0D5B-436A-880E-4DA4DD9C2E75}.Debug|Any CPU.Build.0 = Debug|Any CPU
		{5098E3F7-0D5B-436A-880E-4DA4DD9C2E75}.Release|Any CPU.ActiveCfg = Release|Any CPU
		{5098E3F7-0D5B-436A-880E-4DA4DD9C2E75}.Release|Any CPU.Build.0 = Release|Any CPU
	EndGlobalSection
	GlobalSection(SolutionProperties) = preSolution
		HideSolutionNode = FALSE
	EndGlobalSection
	GlobalSection(ExtensibilityGlobals) = postSolution
		SolutionGuid = {897492F5-8862-4D68-9A89-D195602A616B}
	EndGlobalSection
EndGlobal
